<?xml version="1.0" encoding="utf-8"?>
<Project ToolsVersion="4.0" xmlns="http://schemas.microsoft.com/developer/msbuild/2003">
  <ItemGroup>
    <Filter Include="Source Files">
      <UniqueIdentifier>{4FC737F1-C7A5-4376-A066-2A32D752A2FF}</UniqueIdentifier>
      <Extensions>cpp;c;cc;cxx;c++;cppm;ixx;def;odl;idl;hpj;bat;asm;asmx</Extensions>
    </Filter>
    <Filter Include="Header Files">
      <UniqueIdentifier>{93995380-89BD-4b04-88EB-625FBE52EBFB}</UniqueIdentifier>
      <Extensions>h;hh;hpp;hxx;h++;hm;inl;inc;ipp;xsd</Extensions>
    </Filter>
    <Filter Include="Resource Files">
      <UniqueIdentifier>{67DA6AB6-F800-4c08-8B7A-83BB121AAD01}</UniqueIdentifier>
      <Extensions>rc;ico;cur;bmp;dlg;rc2;rct;bin;rgs;gif;jpg;jpeg;jpe;resx;tiff;tif;png;wav;mfcribbon-ms</Extensions>
    </Filter>
  </ItemGroup>
  <ItemGroup>
    <ClCompile Include="stb_image.cpp">
      <Filter>Source Files</Filter>
    </ClCompile>
    <ClCompile Include="Scene\Scene.cpp">
      <Filter>Source Files</Filter>
    </ClCompile>
    <ClCompile Include="MainShadow.cpp">
      <Filter>Source Files</Filter>
    </ClCompile>
    <ClCompile Include="RenderPass\TestPass.cpp">
      <Filter>Source Files</Filter>
    </ClCompile>
  </ItemGroup>
  <ItemGroup>
    <None Include="Resource\Shader\Simple\shadow_mapping_depth.vs" />
    <None Include="Resource\Shader\Simple\shadow_mapping_depth.fs" />
    <None Include="Resource\Shader\Simple\debug_quad.vs" />
    <None Include="Resource\Shader\Simple\debug_quad_depth.fs" />
    <None Include="Resource\Shader\Simple\shadow_mapping.vs" />
    <None Include="Resource\Shader\Simple\shadow_mapping.fs" />
    <None Include="Resource\Shader\VCT\Voxelization.vs" />
    <None Include="Resource\Shader\VCT\Voxelization.fs" />
    <None Include="Resource\Shader\VCT\Voxelization.gs" />
    <None Include="Resource\Shader\VCT\Shadow.vs" />
    <None Include="Resource\Shader\VCT\Shadow.fs" />
    <None Include="Resource\Shader\VCT\VoxelConeTracingShader.vs" />
    <None Include="Resource\Shader\VCT\VoxelConeTracingShader.fs" />
    <None Include="Resource\Shader\Simple\model_loading.vs" />
    <None Include="Resource\Shader\Simple\model_loading.fs" />
  </ItemGroup>
  <ItemGroup>
    <ClInclude Include="Framework\Shader.h">
      <Filter>Header Files</Filter>
    </ClInclude>
    <ClInclude Include="Framework\Model.h">
      <Filter>Header Files</Filter>
    </ClInclude>
    <ClInclude Include="Framework\Mesh.h">
      <Filter>Header Files</Filter>
    </ClInclude>
    <ClInclude Include="Framework\Camera.h">
      <Filter>Header Files</Filter>
    </ClInclude>
    <ClInclude Include="Scene\Scene.h">
      <Filter>Header Files</Filter>
    </ClInclude>
    <ClInclude Include="Framework\RenderPass.h">
      <Filter>Header Files</Filter>
    </ClInclude>
    <ClInclude Include="RenderPass\TestPass.h">
      <Filter>Header Files</Filter>
    </ClInclude>
  </ItemGroup>
</Project>